// !$*UTF8*$!
{
	archiveVersion = 1;
	classes = {
	};
	objectVersion = 46;
	objects = {

/* Begin PBXBuildFile section */
		B3F91AB31F5CF8620091399E /* main.m in Sources */ = {isa = PBXBuildFile; fileRef = B3F91AB21F5CF8620091399E /* main.m */; };
		B3F91AB61F5CF8620091399E /* AppDelegate.m in Sources */ = {isa = PBXBuildFile; fileRef = B3F91AB51F5CF8620091399E /* AppDelegate.m */; };
		B3F91AB91F5CF8620091399E /* ViewController.m in Sources */ = {isa = PBXBuildFile; fileRef = B3F91AB81F5CF8620091399E /* ViewController.m */; };
		B3F91ABC1F5CF8620091399E /* Main.storyboard in Resources */ = {isa = PBXBuildFile; fileRef = B3F91ABA1F5CF8620091399E /* Main.storyboard */; };
		B3F91ABE1F5CF8620091399E /* Assets.xcassets in Resources */ = {isa = PBXBuildFile; fileRef = B3F91ABD1F5CF8620091399E /* Assets.xcassets */; };
		B3F91AC11F5CF8620091399E /* LaunchScreen.storyboard in Resources */ = {isa = PBXBuildFile; fileRef = B3F91ABF1F5CF8620091399E /* LaunchScreen.storyboard */; };
		B3F91ACA1F5CF91C0091399E /* UIResponder+Router.m in Sources */ = {isa = PBXBuildFile; fileRef = B3F91AC91F5CF91C0091399E /* UIResponder+Router.m */; };
		B3F91AD21F5D30920091399E /* OneView.m in Sources */ = {isa = PBXBuildFile; fileRef = B3F91AD11F5D30920091399E /* OneView.m */; };
		B3F91AD51F5D309F0091399E /* TwoView.m in Sources */ = {isa = PBXBuildFile; fileRef = B3F91AD41F5D309F0091399E /* TwoView.m */; };
		B3F91AD81F5D30AC0091399E /* ThreeView.m in Sources */ = {isa = PBXBuildFile; fileRef = B3F91AD71F5D30AC0091399E /* ThreeView.m */; };
/* End PBXBuildFile section */

/* Begin PBXFileReference section */
		B3F91AAE1F5CF8620091399E /* 基于ResponderChain的对象交互方式.app */ = {isa = PBXFileReference; explicitFileType = wrapper.application; includeInIndex = 0; path = "基于ResponderChain的对象交互方式.app"; sourceTree = BUILT_PRODUCTS_DIR; };
		B3F91AB21F5CF8620091399E /* main.m */ = {isa = PBXFileReference; lastKnownFileType = sourcecode.c.objc; path = main.m; sourceTree = "<group>"; };
		B3F91AB41F5CF8620091399E /* AppDelegate.h */ = {isa = PBXFileReference; lastKnownFileType = sourcecode.c.h; path = AppDelegate.h; sourceTree = "<group>"; };
		B3F91AB51F5CF8620091399E /* AppDelegate.m */ = {isa = PBXFileReference; lastKnownFileType = sourcecode.c.objc; path = AppDelegate.m; sourceTree = "<group>"; };
		B3F91AB71F5CF8620091399E /* ViewController.h */ = {isa = PBXFileReference; lastKnownFileType = sourcecode.c.h; path = ViewController.h; sourceTree = "<group>"; };
		B3F91AB81F5CF8620091399E /* ViewController.m */ = {isa = PBXFileReference; lastKnownFileType = sourcecode.c.objc; path = ViewController.m; sourceTree = "<group>"; };
		B3F91ABB1F5CF8620091399E /* Base */ = {isa = PBXFileReference; lastKnownFileType = file.storyboard; name = Base; path = Base.lproj/Main.storyboard; sourceTree = "<group>"; };
		B3F91ABD1F5CF8620091399E /* Assets.xcassets */ = {isa = PBXFileReference; lastKnownFileType = folder.assetcatalog; path = Assets.xcassets; sourceTree = "<group>"; };
		B3F91AC01F5CF8620091399E /* Base */ = {isa = PBXFileReference; lastKnownFileType = file.storyboard; name = Base; path = Base.lproj/LaunchScreen.storyboard; sourceTree = "<group>"; };
		B3F91AC21F5CF8620091399E /* Info.plist */ = {isa = PBXFileReference; lastKnownFileType = text.plist.xml; path = Info.plist; sourceTree = "<group>"; };
		B3F91AC81F5CF91C0091399E /* UIResponder+Router.h */ = {isa = PBXFileReference; fileEncoding = 4; lastKnownFileType = sourcecode.c.h; path = "UIResponder+Router.h"; sourceTree = "<group>"; };
		B3F91AC91F5CF91C0091399E /* UIResponder+Router.m */ = {isa = PBXFileReference; fileEncoding = 4; lastKnownFileType = sourcecode.c.objc; path = "UIResponder+Router.m"; sourceTree = "<group>"; };
		B3F91AD01F5D30920091399E /* OneView.h */ = {isa = PBXFileReference; fileEncoding = 4; lastKnownFileType = sourcecode.c.h; path = OneView.h; sourceTree = "<group>"; };
		B3F91AD11F5D30920091399E /* OneView.m */ = {isa = PBXFileReference; fileEncoding = 4; lastKnownFileType = sourcecode.c.objc; path = OneView.m; sourceTree = "<group>"; };
		B3F91AD31F5D309F0091399E /* TwoView.h */ = {isa = PBXFileReference; fileEncoding = 4; lastKnownFileType = sourcecode.c.h; path = TwoView.h; sourceTree = "<group>"; };
		B3F91AD41F5D309F0091399E /* TwoView.m */ = {isa = PBXFileReference; fileEncoding = 4; lastKnownFileType = sourcecode.c.objc; path = TwoView.m; sourceTree = "<group>"; };
		B3F91AD61F5D30AC0091399E /* ThreeView.h */ = {isa = PBXFileReference; fileEncoding = 4; lastKnownFileType = sourcecode.c.h; path = ThreeView.h; sourceTree = "<group>"; };
		B3F91AD71F5D30AC0091399E /* ThreeView.m */ = {isa = PBXFileReference; fileEncoding = 4; lastKnownFileType = sourcecode.c.objc; path = ThreeView.m; sourceTree = "<group>"; };
/* End PBXFileReference section */

/* Begin PBXFrameworksBuildPhase section */
		B3F91AAB1F5CF8620091399E /* Frameworks */ = {
			isa = PBXFrameworksBuildPhase;
			buildActionMask = 2147483647;
			files = (
			);
			runOnlyForDeploymentPostprocessing = 0;
		};
/* End PBXFrameworksBuildPhase section */

/* Begin PBXGroup section */
		B3F91AA51F5CF8620091399E = {
			isa = PBXGroup;
			children = (
				B3F91AB01F5CF8620091399E /* 基于ResponderChain的对象交互方式 */,
				B3F91AAF1F5CF8620091399E /* Products */,
			);
			sourceTree = "<group>";
		};
		B3F91AAF1F5CF8620091399E /* Products */ = {
			isa = PBXGroup;
			children = (
				B3F91AAE1F5CF8620091399E /* 基于ResponderChain的对象交互方式.app */,
			);
			name = Products;
			sourceTree = "<group>";
		};
		B3F91AB01F5CF8620091399E /* 基于ResponderChain的对象交互方式 */ = {
			isa = PBXGroup;
			children = (
				B3F91AB41F5CF8620091399E /* AppDelegate.h */,
				B3F91AB51F5CF8620091399E /* AppDelegate.m */,
				B3F91AB71F5CF8620091399E /* ViewController.h */,
				B3F91AB81F5CF8620091399E /* ViewController.m */,
				B3F91AD01F5D30920091399E /* OneView.h */,
				B3F91AD11F5D30920091399E /* OneView.m */,
				B3F91AD31F5D309F0091399E /* TwoView.h */,
				B3F91AD41F5D309F0091399E /* TwoView.m */,
				B3F91AD61F5D30AC0091399E /* ThreeView.h */,
				B3F91AD71F5D30AC0091399E /* ThreeView.m */,
				B3F91AC81F5CF91C0091399E /* UIResponder+Router.h */,
				B3F91AC91F5CF91C0091399E /* UIResponder+Router.m */,
				B3F91ABA1F5CF8620091399E /* Main.storyboard */,
				B3F91ABD1F5CF8620091399E /* Assets.xcassets */,
				B3F91ABF1F5CF8620091399E /* LaunchScreen.storyboard */,
				B3F91AC21F5CF8620091399E /* Info.plist */,
				B3F91AB11F5CF8620091399E /* Supporting Files */,
			);
			path = "基于ResponderChain的对象交互方式";
			sourceTree = "<group>";
		};
		B3F91AB11F5CF8620091399E /* Supporting Files */ = {
			isa = PBXGroup;
			children = (
				B3F91AB21F5CF8620091399E /* main.m */,
			);
			name = "Supporting Files";
			sourceTree = "<group>";
		};
/* End PBXGroup section */

/* Begin PBXNativeTarget section */
		B3F91AAD1F5CF8620091399E /* 基于ResponderChain的对象交互方式 */ = {
			isa = PBXNativeTarget;
			buildConfigurationList = B3F91AC51F5CF8620091399E /* Build configuration list for PBXNativeTarget "基于ResponderChain的对象交互方式" */;
			buildPhases = (
				B3F91AAA1F5CF8620091399E /* Sources */,
				B3F91AAB1F5CF8620091399E /* Frameworks */,
				B3F91AAC1F5CF8620091399E /* Resources */,
			);
			buildRules = (
			);
			dependencies = (
			);
			name = "基于ResponderChain的对象交互方式";
			productName = "基于ResponderChain的对象交互方式";
			productReference = B3F91AAE1F5CF8620091399E /* 基于ResponderChain的对象交互方式.app */;
			productType = "com.apple.product-type.application";
		};
/* End PBXNativeTarget section */

/* Begin PBXProject section */
		B3F91AA61F5CF8620091399E /* Project object */ = {
			isa = PBXProject;
			attributes = {
				LastUpgradeCheck = 0830;
				ORGANIZATIONNAME = myself;
				TargetAttributes = {
					B3F91AAD1F5CF8620091399E = {
						CreatedOnToolsVersion = 8.3.3;
						ProvisioningStyle = Automatic;
					};
				};
			};
			buildConfigurationList = B3F91AA91F5CF8620091399E /* Build configuration list for PBXProject "基于ResponderChain的对象交互方式" */;
			compatibilityVersion = "Xcode 3.2";
			developmentRegion = English;
			hasScannedForEncodings = 0;
			knownRegions = (
				en,
				Base,
			);
			mainGroup = B3F91AA51F5CF8620091399E;
			productRefGroup = B3F91AAF1F5CF8620091399E /* Products */;
			projectDirPath = "";
			projectRoot = "";
			targets = (
				B3F91AAD1F5CF8620091399E /* 基于ResponderChain的对象交互方式 */,
			);
		};
/* End PBXProject section */

/* Begin PBXResourcesBuildPhase section */
		B3F91AAC1F5CF8620091399E /* Resources */ = {
			isa = PBXResourcesBuildPhase;
			buildActionMask = 2147483647;
			files = (
				B3F91AC11F5CF8620091399E /* LaunchScreen.storyboard in Resources */,
				B3F91ABE1F5CF8620091399E /* Assets.xcassets in Resources */,
				B3F91ABC1F5CF8620091399E /* Main.storyboard in Resources */,
			);
			runOnlyForDeploymentPostprocessing = 0;
		};
/* End PBXResourcesBuildPhase section */

/* Begin PBXSourcesBuildPhase section */
		B3F91AAA1F5CF8620091399E /* Sources */ = {
			isa = PBXSourcesBuildPhase;
			buildActionMask = 2147483647;
			files = (
				B3F91AB91F5CF8620091399E /* ViewController.m in Sources */,
				B3F91AB61F5CF8620091399E /* AppDelegate.m in Sources */,
				B3F91AD21F5D30920091399E /* OneView.m in Sources */,
				B3F91AD81F5D30AC0091399E /* ThreeView.m in Sources */,
				B3F91AD51F5D309F0091399E /* TwoView.m in Sources */,
				B3F91AB31F5CF8620091399E /* main.m in Sources */,
				B3F91ACA1F5CF91C0091399E /* UIResponder+Router.m in Sources */,
			);
			runOnlyForDeploymentPostprocessing = 0;
		};
/* End PBXSourcesBuildPhase section */

/* Begin PBXVariantGroup section */
		B3F91ABA1F5CF8620091399E /* Main.storyboard */ = {
			isa = PBXVariantGroup;
			children = (
				B3F91ABB1F5CF8620091399E /* Base */,
			);
			name = Main.storyboard;
			sourceTree = "<group>";
		};
		B3F91ABF1F5CF8620091399E /* LaunchScreen.storyboard */ = {
			isa = PBXVariantGroup;
			children = (
				B3F91AC01F5CF8620091399E /* Base */,
			);
			name = LaunchScreen.storyboard;
			sourceTree = "<group>";
		};
/* End PBXVariantGroup section */

/* Begin XCBuildConfiguration section */
		B3F91AC31F5CF8620091399E /* Debug */ = {
			isa = XCBuildConfiguration;
			buildSettings = {
				ALWAYS_SEARCH_USER_PATHS = NO;
				CLANG_ANALYZER_NONNULL = YES;
				CLANG_ANALYZER_NUMBER_OBJECT_CONVERSION = YES_AGGRESSIVE;
				CLANG_CXX_LANGUAGE_STANDARD = "gnu++0x";
				CLANG_CXX_LIBRARY = "libc++";
				CLANG_ENABLE_MODULES = YES;
				CLANG_ENABLE_OBJC_ARC = YES;
				CLANG_WARN_BOOL_CONVERSION = YES;
				CLANG_WARN_CONSTANT_CONVERSION = YES;
				CLANG_WARN_DIRECT_OBJC_ISA_USAGE = YES_ERROR;
				CLANG_WARN_DOCUMENTATION_COMMENTS = YES;
				CLANG_WARN_EMPTY_BODY = YES;
				CLANG_WARN_ENUM_CONVERSION = YES;
				CLANG_WARN_INFINITE_RECURSION = YES;
				CLANG_WARN_INT_CONVERSION = YES;
				CLANG_WARN_OBJC_ROOT_CLASS = YES_ERROR;
				CLANG_WARN_SUSPICIOUS_MOVE = YES;
				CLANG_WARN_UNREACHABLE_CODE = YES;
				CLANG_WARN__DUPLICATE_METHOD_MATCH = YES;
				"CODE_SIGN_IDENTITY[sdk=iphoneos*]" = "iPhone Developer";
				COPY_PHASE_STRIP = NO;
				DEBUG_INFORMATION_FORMAT = dwarf;
				ENABLE_STRICT_OBJC_MSGSEND = YES;
				ENABLE_TESTABILITY = YES;
				GCC_C_LANGUAGE_STANDARD = gnu99;
				GCC_DYNAMIC_NO_PIC = NO;
				GCC_NO_COMMON_BLOCKS = YES;
				GCC_OPTIMIZATION_LEVEL = 0;
				GCC_PREPROCESSOR_DEFINITIONS = (
					"DEBUG=1",
					"$(inherited)",
				);
				GCC_WARN_64_TO_32_BIT_CONVERSION = YES;
				GCC_WARN_ABOUT_RETURN_TYPE = YES_ERROR;
				GCC_WARN_UNDECLARED_SELECTOR = YES;
				GCC_WARN_UNINITIALIZED_AUTOS = YES_AGGRESSIVE;
				GCC_WARN_UNUSED_FUNCTION = YES;
				GCC_WARN_UNUSED_VARIABLE = YES;
				IPHONEOS_DEPLOYMENT_TARGET = 10.3;
				MTL_ENABLE_DEBUG_INFO = YES;
				ONLY_ACTIVE_ARCH = YES;
				SDKROOT = iphoneos;
			};
			name = Debug;
		};
		B3F91AC41F5CF8620091399E /* Release */ = {
			isa = XCBuildConfiguration;
			buildSettings = {
				ALWAYS_SEARCH_USER_PATHS = NO;
				CLANG_ANALYZER_NONNULL = YES;
				CLANG_ANALYZER_NUMBER_OBJECT_CONVERSION = YES_AGGRESSIVE;
				CLANG_CXX_LANGUAGE_STANDARD = "gnu++0x";
				CLANG_CXX_LIBRARY = "libc++";
				CLANG_ENABLE_MODULES = YES;
				CLANG_ENABLE_OBJC_ARC = YES;
				CLANG_WARN_BOOL_CONVERSION = YES;
				CLANG_WARN_CONSTANT_CONVERSION = YES;
				CLANG_WARN_DIRECT_OBJC_ISA_USAGE = YES_ERROR;
				CLANG_WARN_DOCUMENTATION_COMMENTS = YES;
				CLANG_WARN_EMPTY_BODY = YES;
				CLANG_WARN_ENUM_CONVERSION = YES;
				CLANG_WARN_INFINITE_RECURSION = YES;
				CLANG_WARN_INT_CONVERSION = YES;
				CLANG_WARN_OBJC_ROOT_CLASS = YES_ERROR;
				CLANG_WARN_SUSPICIOUS_MOVE = YES;
				CLANG_WARN_UNREACHABLE_CODE = YES;
				CLANG_WARN__DUPLICATE_METHOD_MATCH = YES;
				"CODE_SIGN_IDENTITY[sdk=iphoneos*]" = "iPhone Developer";
				COPY_PHASE_STRIP = NO;
				DEBUG_INFORMATION_FORMAT = "dwarf-with-dsym";
				ENABLE_NS_ASSERTIONS = NO;
				ENABLE_STRICT_OBJC_MSGSEND = YES;
				GCC_C_LANGUAGE_STANDARD = gnu99;
				GCC_NO_COMMON_BLOCKS = YES;
				GCC_WARN_64_TO_32_BIT_CONVERSION = YES;
				GCC_WARN_ABOUT_RETURN_TYPE = YES_ERROR;
				GCC_WARN_UNDECLARED_SELECTOR = YES;
				GCC_WARN_UNINITIALIZED_AUTOS = YES_AGGRESSIVE;
				GCC_WARN_UNUSED_FUNCTION = YES;
				GCC_WARN_UNUSED_VARIABLE = YES;
				IPHONEOS_DEPLOYMENT_TARGET = 10.3;
				MTL_ENABLE_DEBUG_INFO = NO;
				SDKROOT = iphoneos;
				VALIDATE_PRODUCT = YES;
			};
			name = Release;
		};
		B3F91AC61F5CF8620091399E /* Debug */ = {
			isa = XCBuildConfiguration;
			buildSettings = {
				ASSETCATALOG_COMPILER_APPICON_NAME = AppIcon;
				INFOPLIST_FILE = "基于ResponderChain的对象交互方式/Info.plist";
				LD_RUNPATH_SEARCH_PATHS = "$(inherited) @executable_path/Frameworks";
				PRODUCT_BUNDLE_IDENTIFIER = "cn.pzq.--ResponderChain-------";
				PRODUCT_NAME = "$(TARGET_NAME)";
			};
			name = Debug;
		};
		B3F91AC71F5CF8620091399E /* Release */ = {
			isa = XCBuildConfiguration;
			buildSettings = {
				ASSETCATALOG_COMPILER_APPICON_NAME = AppIcon;
				INFOPLIST_FILE = "基于ResponderChain的对象交互方式/Info.plist";
				LD_RUNPATH_SEARCH_PATHS = "$(inherited) @executable_path/Frameworks";
				PRODUCT_BUNDLE_IDENTIFIER = "cn.pzq.--ResponderChain-------";
				PRODUCT_NAME = "$(TARGET_NAME)";
			};
			name = Release;
		};
/* End XCBuildConfiguration section */

/* Begin XCConfigurationList section */
		B3F91AA91F5CF8620091399E /* Build configuration list for PBXProject "基于ResponderChain的对象交互方式" */ = {
			isa = XCConfigurationList;
			buildConfigurations = (
				B3F91AC31F5CF8620091399E /* Debug */,
				B3F91AC41F5CF8620091399E /* Release */,
			);
			defaultConfigurationIsVisible = 0;
			defaultConfigurationName = Release;
		};
		B3F91AC51F5CF8620091399E /* Build configuration list for PBXNativeTarget "基于ResponderChain的对象交互方式" */ = {
			isa = XCConfigurationList;
			buildConfigurations = (
				B3F91AC61F5CF8620091399E /* Debug */,
				B3F91AC71F5CF8620091399E /* Release */,
			);
			defaultConfigurationIsVisible = 0;
		};
/* End XCConfigurationList section */
	};
	rootObject = B3F91AA61F5CF8620091399E /* Project object */;
}
